{
  "name": "nbody_gpu",
  "version": "1.0.0",
  "lockfileVersion": 3,
  "requires": true,
  "packages": {
    "": {
      "name": "nbody_gpu",
      "version": "1.0.0",
      "license": "ISC",
      "devDependencies": {
        "@webgpu/types": "^0.1.49"
      }
    },
    "node_modules/@webgpu/types": {
      "version": "0.1.49",
      "resolved": "https://registry.npmjs.org/@webgpu/types/-/types-0.1.49.tgz",
      "integrity": "sha512-NMmS8/DofhH/IFeW+876XrHVWel+J/vdcFCHLDqeJgkH9x0DeiwjVd8LcBdaxdG/T7Rf8VUAYsA8X1efMzLjRQ==",
      "dev": true,
      "license": "BSD-3-Clause"
    }
  }
}
